{
  "name": "chords",
  "version": "1.0.0",
  "lockfileVersion": 2,
  "requires": true,
  "packages": {
    "": {
      "name": "chords",
      "version": "1.0.0",
      "license": "ISC",
      "dependencies": {
        "@types/color": "^3.0.3",
        "ansi-styles": "^6.1.0",
        "color": "^4.2.3"
      },
      "devDependencies": {
        "@types/node": "^17.0.33"
      }
    },
    "node_modules/_ansi-styles@6.1.0@ansi-styles": {
      "name": "ansi-styles",
      "version": "6.1.0",
      "license": "MIT",
      "engines": {
        "node": ">=12"
      },
      "funding": {
        "url": "https://github.com/chalk/ansi-styles?sponsor=1"
      }
    },
    "node_modules/_color-convert@2.0.1@color-convert": {
      "name": "color-convert",
      "version": "2.0.1",
      "license": "MIT",
      "dependencies": {
        "color-name": "~1.1.4"
      },
      "engines": {
        "node": ">=7.0.0"
      }
    },
    "node_modules/_color-convert@2.0.1@color-convert/node_modules/color-name": {
      "resolved": "node_modules/_color-name@1.1.4@color-name",
      "link": true
    },
    "node_modules/_color-name@1.1.4@color-name": {
      "name": "color-name",
      "version": "1.1.4",
      "license": "MIT"
    },
    "node_modules/_color-string@1.9.1@color-string": {
      "name": "color-string",
      "version": "1.9.1",
      "license": "MIT",
      "dependencies": {
        "color-name": "^1.0.0",
        "simple-swizzle": "^0.2.2"
      }
    },
    "node_modules/_color-string@1.9.1@color-string/node_modules/color-name": {
      "resolved": "node_modules/_color-name@1.1.4@color-name",
      "link": true
    },
    "node_modules/_color-string@1.9.1@color-string/node_modules/simple-swizzle": {
      "resolved": "node_modules/_simple-swizzle@0.2.2@simple-swizzle",
      "link": true
    },
    "node_modules/_color@4.2.3@color": {
      "name": "color",
      "version": "4.2.3",
      "license": "MIT",
      "dependencies": {
        "color-convert": "^2.0.1",
        "color-string": "^1.9.0"
      },
      "engines": {
        "node": ">=12.5.0"
      }
    },
    "node_modules/_color@4.2.3@color/node_modules/color-convert": {
      "resolved": "node_modules/_color-convert@2.0.1@color-convert",
      "link": true
    },
    "node_modules/_color@4.2.3@color/node_modules/color-string": {
      "resolved": "node_modules/_color-string@1.9.1@color-string",
      "link": true
    },
    "node_modules/_is-arrayish@0.3.2@is-arrayish": {
      "name": "is-arrayish",
      "version": "0.3.2",
      "license": "MIT"
    },
    "node_modules/_simple-swizzle@0.2.2@simple-swizzle": {
      "name": "simple-swizzle",
      "version": "0.2.2",
      "license": "MIT",
      "dependencies": {
        "is-arrayish": "^0.3.1"
      }
    },
    "node_modules/_simple-swizzle@0.2.2@simple-swizzle/node_modules/is-arrayish": {
      "resolved": "node_modules/_is-arrayish@0.3.2@is-arrayish",
      "link": true
    },
    "node_modules/@types/color": {
      "version": "3.0.3",
      "resolved": "https://registry.npmjs.org/@types/color/-/color-3.0.3.tgz",
      "integrity": "sha512-X//qzJ3d3Zj82J9sC/C18ZY5f43utPbAJ6PhYt/M7uG6etcF6MRpKdN880KBy43B0BMzSfeT96MzrsNjFI3GbA==",
      "dependencies": {
        "@types/color-convert": "*"
      }
    },
    "node_modules/@types/color-convert": {
      "version": "2.0.0",
      "resolved": "https://registry.npmjs.org/@types/color-convert/-/color-convert-2.0.0.tgz",
      "integrity": "sha512-m7GG7IKKGuJUXvkZ1qqG3ChccdIM/qBBo913z+Xft0nKCX4hAU/IxKwZBU4cpRZ7GS5kV4vOblUkILtSShCPXQ==",
      "dependencies": {
        "@types/color-name": "*"
      }
    },
    "node_modules/@types/color-name": {
      "version": "1.1.1",
      "resolved": "https://registry.npmjs.org/@types/color-name/-/color-name-1.1.1.tgz",
      "integrity": "sha512-rr+OQyAjxze7GgWrSaJwydHStIhHq2lvY3BOC2Mj7KnzI7XK0Uw1TOOdI9lDoajEbSWLiYgoo4f1R51erQfhPQ=="
    },
    "node_modules/@types/node": {
      "version": "17.0.33",
      "resolved": "https://registry.npmjs.org/@types/node/-/node-17.0.33.tgz",
      "integrity": "sha512-miWq2m2FiQZmaHfdZNcbpp9PuXg34W5JZ5CrJ/BaS70VuhoJENBEQybeiYSaPBRNq6KQGnjfEnc/F3PN++D+XQ==",
      "dev": true
    },
    "node_modules/ansi-styles": {
      "resolved": "node_modules/_ansi-styles@6.1.0@ansi-styles",
      "link": true
    },
    "node_modules/color": {
      "resolved": "node_modules/_color@4.2.3@color",
      "link": true
    }
  },
  "dependencies": {
    "_ansi-styles@6.1.0@ansi-styles": {
      "version": "npm:ansi-styles@6.1.0"
    },
    "_color-convert@2.0.1@color-convert": {
      "version": "npm:color-convert@2.0.1",
      "requires": {
        "color-name": "~1.1.4"
      },
      "dependencies": {
        "color-name": {
          "version": "file:node_modules/_color-name@1.1.4@color-name"
        }
      }
    },
    "_color-name@1.1.4@color-name": {
      "version": "npm:color-name@1.1.4"
    },
    "_color-string@1.9.1@color-string": {
      "version": "npm:color-string@1.9.1",
      "requires": {
        "color-name": "^1.0.0",
        "simple-swizzle": "^0.2.2"
      },
      "dependencies": {
        "color-name": {
          "version": "file:node_modules/_color-name@1.1.4@color-name"
        },
        "simple-swizzle": {
          "version": "file:node_modules/_simple-swizzle@0.2.2@simple-swizzle",
          "requires": {
            "is-arrayish": "^0.3.1"
          },
          "dependencies": {
            "is-arrayish": {
              "version": "file:node_modules/_is-arrayish@0.3.2@is-arrayish"
            }
          }
        }
      }
    },
    "_color@4.2.3@color": {
      "version": "npm:color@4.2.3",
      "requires": {
        "color-convert": "^2.0.1",
        "color-string": "^1.9.0"
      },
      "dependencies": {
        "color-convert": {
          "version": "file:node_modules/_color-convert@2.0.1@color-convert",
          "requires": {
            "color-name": "~1.1.4"
          },
          "dependencies": {
            "color-name": {
              "version": "file:node_modules/_color-name@1.1.4@color-name"
            }
          }
        },
        "color-string": {
          "version": "file:node_modules/_color-string@1.9.1@color-string",
          "requires": {
            "color-name": "^1.0.0",
            "simple-swizzle": "^0.2.2"
          },
          "dependencies": {
            "color-name": {
              "version": "file:node_modules/_color-name@1.1.4@color-name"
            },
            "simple-swizzle": {
              "version": "file:node_modules/_simple-swizzle@0.2.2@simple-swizzle",
              "requires": {
                "is-arrayish": "^0.3.1"
              },
              "dependencies": {
                "is-arrayish": {
                  "version": "file:node_modules/_is-arrayish@0.3.2@is-arrayish"
                }
              }
            }
          }
        }
      }
    },
    "_is-arrayish@0.3.2@is-arrayish": {
      "version": "npm:is-arrayish@0.3.2"
    },
    "_simple-swizzle@0.2.2@simple-swizzle": {
      "version": "npm:simple-swizzle@0.2.2",
      "requires": {
        "is-arrayish": "^0.3.1"
      },
      "dependencies": {
        "is-arrayish": {
          "version": "file:node_modules/_is-arrayish@0.3.2@is-arrayish"
        }
      }
    },
    "@types/color": {
      "version": "3.0.3",
      "resolved": "https://registry.npmjs.org/@types/color/-/color-3.0.3.tgz",
      "integrity": "sha512-X//qzJ3d3Zj82J9sC/C18ZY5f43utPbAJ6PhYt/M7uG6etcF6MRpKdN880KBy43B0BMzSfeT96MzrsNjFI3GbA==",
      "requires": {
        "@types/color-convert": "*"
      }
    },
    "@types/color-convert": {
      "version": "2.0.0",
      "resolved": "https://registry.npmjs.org/@types/color-convert/-/color-convert-2.0.0.tgz",
      "integrity": "sha512-m7GG7IKKGuJUXvkZ1qqG3ChccdIM/qBBo913z+Xft0nKCX4hAU/IxKwZBU4cpRZ7GS5kV4vOblUkILtSShCPXQ==",
      "requires": {
        "@types/color-name": "*"
      }
    },
    "@types/color-name": {
      "version": "1.1.1",
      "resolved": "https://registry.npmjs.org/@types/color-name/-/color-name-1.1.1.tgz",
      "integrity": "sha512-rr+OQyAjxze7GgWrSaJwydHStIhHq2lvY3BOC2Mj7KnzI7XK0Uw1TOOdI9lDoajEbSWLiYgoo4f1R51erQfhPQ=="
    },
    "@types/node": {
      "version": "17.0.33",
      "resolved": "https://registry.npmjs.org/@types/node/-/node-17.0.33.tgz",
      "integrity": "sha512-miWq2m2FiQZmaHfdZNcbpp9PuXg34W5JZ5CrJ/BaS70VuhoJENBEQybeiYSaPBRNq6KQGnjfEnc/F3PN++D+XQ==",
      "dev": true
    },
    "ansi-styles": {
      "version": "file:node_modules/_ansi-styles@6.1.0@ansi-styles"
    },
    "color": {
      "version": "file:node_modules/_color@4.2.3@color",
      "requires": {
        "color-convert": "^2.0.1",
        "color-string": "^1.9.0"
      },
      "dependencies": {
        "color-convert": {
          "version": "file:node_modules/_color-convert@2.0.1@color-convert",
          "requires": {
            "color-name": "~1.1.4"
          },
          "dependencies": {
            "color-name": {
              "version": "file:node_modules/_color-name@1.1.4@color-name"
            }
          }
        },
        "color-string": {
          "version": "file:node_modules/_color-string@1.9.1@color-string",
          "requires": {
            "color-name": "^1.0.0",
            "simple-swizzle": "^0.2.2"
          },
          "dependencies": {
            "color-name": {
              "version": "file:node_modules/_color-name@1.1.4@color-name"
            },
            "simple-swizzle": {
              "version": "file:node_modules/_simple-swizzle@0.2.2@simple-swizzle",
              "requires": {
                "is-arrayish": "^0.3.1"
              },
              "dependencies": {
                "is-arrayish": {
                  "version": "file:node_modules/_is-arrayish@0.3.2@is-arrayish"
                }
              }
            }
          }
        }
      }
    }
  }
}
